// !$*UTF8*$!
{
	archiveVersion = 1;
	classes = {
	};
	objectVersion = 50;
	objects = {

/* Begin PBXBuildFile section */
		8405DB8425B1BCA8008E50AA /* AnimatedButton.swift in Sources */ = {isa = PBXBuildFile; fileRef = 8405DB8325B1BCA8008E50AA /* AnimatedButton.swift */; };
		84384A65259A243700A12264 /* TabBar.swift in Sources */ = {isa = PBXBuildFile; fileRef = 84384A64259A243700A12264 /* TabBar.swift */; };
		84495B6825C457060030B85B /* Session.swift in Sources */ = {isa = PBXBuildFile; fileRef = 84495B6725C457060030B85B /* Session.swift */; };
		844A930725A4CE2B0071E1E4 /* PostData.swift in Sources */ = {isa = PBXBuildFile; fileRef = 844A930625A4CE2B0071E1E4 /* PostData.swift */; };
		844A930F25A4D71A0071E1E4 /* PostViewCell.swift in Sources */ = {isa = PBXBuildFile; fileRef = 844A930E25A4D71A0071E1E4 /* PostViewCell.swift */; };
		84546E3825A8BB5300D4F031 /* ContactsData.swift in Sources */ = {isa = PBXBuildFile; fileRef = 84546E3725A8BB5300D4F031 /* ContactsData.swift */; };
		845C3278258B863F00029B4D /* ShadowAvatarView.swift in Sources */ = {isa = PBXBuildFile; fileRef = 845C3277258B863F00029B4D /* ShadowAvatarView.swift */; };
		84736EE1258F619E0052EA01 /* ImageListView.swift in Sources */ = {isa = PBXBuildFile; fileRef = 84736EE0258F619E0052EA01 /* ImageListView.swift */; };
		847A704C257A5C5000DAA8FC /* AppDelegate.swift in Sources */ = {isa = PBXBuildFile; fileRef = 847A704B257A5C5000DAA8FC /* AppDelegate.swift */; };
		847A704E257A5C5000DAA8FC /* SceneDelegate.swift in Sources */ = {isa = PBXBuildFile; fileRef = 847A704D257A5C5000DAA8FC /* SceneDelegate.swift */; };
		847A7050257A5C5000DAA8FC /* ViewController.swift in Sources */ = {isa = PBXBuildFile; fileRef = 847A704F257A5C5000DAA8FC /* ViewController.swift */; };
		847A7053257A5C5000DAA8FC /* Main.storyboard in Resources */ = {isa = PBXBuildFile; fileRef = 847A7051257A5C5000DAA8FC /* Main.storyboard */; };
		847A7055257A5C5D00DAA8FC /* Assets.xcassets in Resources */ = {isa = PBXBuildFile; fileRef = 847A7054257A5C5D00DAA8FC /* Assets.xcassets */; };
		847A7058257A5C5D00DAA8FC /* LaunchScreen.storyboard in Resources */ = {isa = PBXBuildFile; fileRef = 847A7056257A5C5D00DAA8FC /* LaunchScreen.storyboard */; };
		847A7063257A5C5D00DAA8FC /* UIDesignAppTests.swift in Sources */ = {isa = PBXBuildFile; fileRef = 847A7062257A5C5D00DAA8FC /* UIDesignAppTests.swift */; };
		847A706E257A5C5D00DAA8FC /* UIDesignAppUITests.swift in Sources */ = {isa = PBXBuildFile; fileRef = 847A706D257A5C5D00DAA8FC /* UIDesignAppUITests.swift */; };
		8483AADC25A8F2B7008F14DB /* NewsTableViewController.swift in Sources */ = {isa = PBXBuildFile; fileRef = 8483AADB25A8F2B7008F14DB /* NewsTableViewController.swift */; };
		8483AAE125A8F2C9008F14DB /* NewsTableViewCell.swift in Sources */ = {isa = PBXBuildFile; fileRef = 8483AAE025A8F2C9008F14DB /* NewsTableViewCell.swift */; };
		8483AAE625A8FC46008F14DB /* NewsData.swift in Sources */ = {isa = PBXBuildFile; fileRef = 8483AAE525A8FC46008F14DB /* NewsData.swift */; };
		8487E1B4258EA66500E0791F /* RegistrationViewController.swift in Sources */ = {isa = PBXBuildFile; fileRef = 8487E1B3258EA66500E0791F /* RegistrationViewController.swift */; };
		8487E1BC258EA74700E0791F /* LoginViewController.swift in Sources */ = {isa = PBXBuildFile; fileRef = 8487E1BB258EA74700E0791F /* LoginViewController.swift */; };
		848DF94F25B0D83E0028C78B /* CustomSegue.swift in Sources */ = {isa = PBXBuildFile; fileRef = 848DF94E25B0D83E0028C78B /* CustomSegue.swift */; };
		8498CCDC25A3A3B600DD2F9C /* ShadowView.swift in Sources */ = {isa = PBXBuildFile; fileRef = 8498CCDB25A3A3B600DD2F9C /* ShadowView.swift */; };
		8498CCE125A3A4CB00DD2F9C /* GroupsData.swift in Sources */ = {isa = PBXBuildFile; fileRef = 8498CCE025A3A4CB00DD2F9C /* GroupsData.swift */; };
		8498CCE625A3B81500DD2F9C /* GroupProfile.swift in Sources */ = {isa = PBXBuildFile; fileRef = 8498CCE525A3B81500DD2F9C /* GroupProfile.swift */; };
		84A0087225A34D50004284AF /* MyProfile.swift in Sources */ = {isa = PBXBuildFile; fileRef = 84A0087125A34D50004284AF /* MyProfile.swift */; };
		84A0087725A34DAE004284AF /* MyContact.swift in Sources */ = {isa = PBXBuildFile; fileRef = 84A0087625A34DAE004284AF /* MyContact.swift */; };
		84A90ADF258AA68000D12591 /* friendProfile.swift in Sources */ = {isa = PBXBuildFile; fileRef = 84A90ADE258AA68000D12591 /* friendProfile.swift */; };
		84DE658B2583B29600079525 /* FriendsViewController.swift in Sources */ = {isa = PBXBuildFile; fileRef = 84DE658A2583B29600079525 /* FriendsViewController.swift */; };
		84DE65932583B31100079525 /* FriendCellTableViewCell.swift in Sources */ = {isa = PBXBuildFile; fileRef = 84DE65922583B31100079525 /* FriendCellTableViewCell.swift */; };
		84DE65A52583FCCE00079525 /* GroupsTableViewController.swift in Sources */ = {isa = PBXBuildFile; fileRef = 84DE65A42583FCCE00079525 /* GroupsTableViewController.swift */; };
		84DE65AA2583FCE700079525 /* GroupsViewCell.swift in Sources */ = {isa = PBXBuildFile; fileRef = 84DE65A92583FCE700079525 /* GroupsViewCell.swift */; };
		84E61C4425A76BB80088D32C /* PostGroupViewCell.swift in Sources */ = {isa = PBXBuildFile; fileRef = 84E61C4325A76BB80088D32C /* PostGroupViewCell.swift */; };
		84E6A55A25A7AA6C00D19EB6 /* AllPhotos.swift in Sources */ = {isa = PBXBuildFile; fileRef = 84E6A55925A7AA6C00D19EB6 /* AllPhotos.swift */; };
		84E6A55F25A7AE8900D19EB6 /* GalerryPhotosCollection.swift in Sources */ = {isa = PBXBuildFile; fileRef = 84E6A55E25A7AE8900D19EB6 /* GalerryPhotosCollection.swift */; };
		84E6A56425A7B04000D19EB6 /* GalleryPhotosCell.swift in Sources */ = {isa = PBXBuildFile; fileRef = 84E6A56325A7B04000D19EB6 /* GalleryPhotosCell.swift */; };
/* End PBXBuildFile section */

/* Begin PBXContainerItemProxy section */
		847A705F257A5C5D00DAA8FC /* PBXContainerItemProxy */ = {
			isa = PBXContainerItemProxy;
			containerPortal = 847A7040257A5C5000DAA8FC /* Project object */;
			proxyType = 1;
			remoteGlobalIDString = 847A7047257A5C5000DAA8FC;
			remoteInfo = UIDesignApp;
		};
		847A706A257A5C5D00DAA8FC /* PBXContainerItemProxy */ = {
			isa = PBXContainerItemProxy;
			containerPortal = 847A7040257A5C5000DAA8FC /* Project object */;
			proxyType = 1;
			remoteGlobalIDString = 847A7047257A5C5000DAA8FC;
			remoteInfo = UIDesignApp;
		};
/* End PBXContainerItemProxy section */

/* Begin PBXFileReference section */
		8405DB8325B1BCA8008E50AA /* AnimatedButton.swift */ = {isa = PBXFileReference; lastKnownFileType = sourcecode.swift; path = AnimatedButton.swift; sourceTree = "<group>"; };
		84384A64259A243700A12264 /* TabBar.swift */ = {isa = PBXFileReference; lastKnownFileType = sourcecode.swift; path = TabBar.swift; sourceTree = "<group>"; };
		84495B6725C457060030B85B /* Session.swift */ = {isa = PBXFileReference; lastKnownFileType = sourcecode.swift; path = Session.swift; sourceTree = "<group>"; };
		844A930625A4CE2B0071E1E4 /* PostData.swift */ = {isa = PBXFileReference; lastKnownFileType = sourcecode.swift; path = PostData.swift; sourceTree = "<group>"; };
		844A930E25A4D71A0071E1E4 /* PostViewCell.swift */ = {isa = PBXFileReference; lastKnownFileType = sourcecode.swift; path = PostViewCell.swift; sourceTree = "<group>"; };
		84546E3725A8BB5300D4F031 /* ContactsData.swift */ = {isa = PBXFileReference; lastKnownFileType = sourcecode.swift; path = ContactsData.swift; sourceTree = "<group>"; };
		845C3277258B863F00029B4D /* ShadowAvatarView.swift */ = {isa = PBXFileReference; lastKnownFileType = sourcecode.swift; path = ShadowAvatarView.swift; sourceTree = "<group>"; };
		84736EE0258F619E0052EA01 /* ImageListView.swift */ = {isa = PBXFileReference; lastKnownFileType = sourcecode.swift; path = ImageListView.swift; sourceTree = "<group>"; };
		847A7048257A5C5000DAA8FC /* UIDesignApp.app */ = {isa = PBXFileReference; explicitFileType = wrapper.application; includeInIndex = 0; path = UIDesignApp.app; sourceTree = BUILT_PRODUCTS_DIR; };
		847A704B257A5C5000DAA8FC /* AppDelegate.swift */ = {isa = PBXFileReference; lastKnownFileType = sourcecode.swift; path = AppDelegate.swift; sourceTree = "<group>"; };
		847A704D257A5C5000DAA8FC /* SceneDelegate.swift */ = {isa = PBXFileReference; lastKnownFileType = sourcecode.swift; path = SceneDelegate.swift; sourceTree = "<group>"; };
		847A704F257A5C5000DAA8FC /* ViewController.swift */ = {isa = PBXFileReference; lastKnownFileType = sourcecode.swift; path = ViewController.swift; sourceTree = "<group>"; };
		847A7052257A5C5000DAA8FC /* Base */ = {isa = PBXFileReference; lastKnownFileType = file.storyboard; name = Base; path = Base.lproj/Main.storyboard; sourceTree = "<group>"; };
		847A7054257A5C5D00DAA8FC /* Assets.xcassets */ = {isa = PBXFileReference; lastKnownFileType = folder.assetcatalog; path = Assets.xcassets; sourceTree = "<group>"; };
		847A7057257A5C5D00DAA8FC /* Base */ = {isa = PBXFileReference; lastKnownFileType = file.storyboard; name = Base; path = Base.lproj/LaunchScreen.storyboard; sourceTree = "<group>"; };
		847A7059257A5C5D00DAA8FC /* Info.plist */ = {isa = PBXFileReference; lastKnownFileType = text.plist.xml; path = Info.plist; sourceTree = "<group>"; };
		847A705E257A5C5D00DAA8FC /* UIDesignAppTests.xctest */ = {isa = PBXFileReference; explicitFileType = wrapper.cfbundle; includeInIndex = 0; path = UIDesignAppTests.xctest; sourceTree = BUILT_PRODUCTS_DIR; };
		847A7062257A5C5D00DAA8FC /* UIDesignAppTests.swift */ = {isa = PBXFileReference; lastKnownFileType = sourcecode.swift; path = UIDesignAppTests.swift; sourceTree = "<group>"; };
		847A7064257A5C5D00DAA8FC /* Info.plist */ = {isa = PBXFileReference; lastKnownFileType = text.plist.xml; path = Info.plist; sourceTree = "<group>"; };
		847A7069257A5C5D00DAA8FC /* UIDesignAppUITests.xctest */ = {isa = PBXFileReference; explicitFileType = wrapper.cfbundle; includeInIndex = 0; path = UIDesignAppUITests.xctest; sourceTree = BUILT_PRODUCTS_DIR; };
		847A706D257A5C5D00DAA8FC /* UIDesignAppUITests.swift */ = {isa = PBXFileReference; lastKnownFileType = sourcecode.swift; path = UIDesignAppUITests.swift; sourceTree = "<group>"; };
		847A706F257A5C5D00DAA8FC /* Info.plist */ = {isa = PBXFileReference; lastKnownFileType = text.plist.xml; path = Info.plist; sourceTree = "<group>"; };
		8483AADB25A8F2B7008F14DB /* NewsTableViewController.swift */ = {isa = PBXFileReference; lastKnownFileType = sourcecode.swift; path = NewsTableViewController.swift; sourceTree = "<group>"; };
		8483AAE025A8F2C9008F14DB /* NewsTableViewCell.swift */ = {isa = PBXFileReference; lastKnownFileType = sourcecode.swift; path = NewsTableViewCell.swift; sourceTree = "<group>"; };
		8483AAE525A8FC46008F14DB /* NewsData.swift */ = {isa = PBXFileReference; lastKnownFileType = sourcecode.swift; path = NewsData.swift; sourceTree = "<group>"; };
		8487E1B3258EA66500E0791F /* RegistrationViewController.swift */ = {isa = PBXFileReference; lastKnownFileType = sourcecode.swift; path = RegistrationViewController.swift; sourceTree = "<group>"; };
		8487E1BB258EA74700E0791F /* LoginViewController.swift */ = {isa = PBXFileReference; lastKnownFileType = sourcecode.swift; path = LoginViewController.swift; sourceTree = "<group>"; };
		848DF94E25B0D83E0028C78B /* CustomSegue.swift */ = {isa = PBXFileReference; lastKnownFileType = sourcecode.swift; path = CustomSegue.swift; sourceTree = "<group>"; };
		8498CCDB25A3A3B600DD2F9C /* ShadowView.swift */ = {isa = PBXFileReference; lastKnownFileType = sourcecode.swift; path = ShadowView.swift; sourceTree = "<group>"; };
		8498CCE025A3A4CB00DD2F9C /* GroupsData.swift */ = {isa = PBXFileReference; lastKnownFileType = sourcecode.swift; path = GroupsData.swift; sourceTree = "<group>"; };
		8498CCE525A3B81500DD2F9C /* GroupProfile.swift */ = {isa = PBXFileReference; lastKnownFileType = sourcecode.swift; path = GroupProfile.swift; sourceTree = "<group>"; };
		84A0087125A34D50004284AF /* MyProfile.swift */ = {isa = PBXFileReference; lastKnownFileType = sourcecode.swift; path = MyProfile.swift; sourceTree = "<group>"; };
		84A0087625A34DAE004284AF /* MyContact.swift */ = {isa = PBXFileReference; lastKnownFileType = sourcecode.swift; path = MyContact.swift; sourceTree = "<group>"; };
		84A90ADE258AA68000D12591 /* friendProfile.swift */ = {isa = PBXFileReference; lastKnownFileType = sourcecode.swift; path = friendProfile.swift; sourceTree = "<group>"; };
		84DE658A2583B29600079525 /* FriendsViewController.swift */ = {isa = PBXFileReference; lastKnownFileType = sourcecode.swift; path = FriendsViewController.swift; sourceTree = "<group>"; };
		84DE65922583B31100079525 /* FriendCellTableViewCell.swift */ = {isa = PBXFileReference; lastKnownFileType = sourcecode.swift; path = FriendCellTableViewCell.swift; sourceTree = "<group>"; };
		84DE65A42583FCCE00079525 /* GroupsTableViewController.swift */ = {isa = PBXFileReference; lastKnownFileType = sourcecode.swift; path = GroupsTableViewController.swift; sourceTree = "<group>"; };
		84DE65A92583FCE700079525 /* GroupsViewCell.swift */ = {isa = PBXFileReference; lastKnownFileType = sourcecode.swift; path = GroupsViewCell.swift; sourceTree = "<group>"; };
		84E61C4325A76BB80088D32C /* PostGroupViewCell.swift */ = {isa = PBXFileReference; lastKnownFileType = sourcecode.swift; path = PostGroupViewCell.swift; sourceTree = "<group>"; };
		84E6A55925A7AA6C00D19EB6 /* AllPhotos.swift */ = {isa = PBXFileReference; lastKnownFileType = sourcecode.swift; path = AllPhotos.swift; sourceTree = "<group>"; };
		84E6A55E25A7AE8900D19EB6 /* GalerryPhotosCollection.swift */ = {isa = PBXFileReference; lastKnownFileType = sourcecode.swift; path = GalerryPhotosCollection.swift; sourceTree = "<group>"; };
		84E6A56325A7B04000D19EB6 /* GalleryPhotosCell.swift */ = {isa = PBXFileReference; lastKnownFileType = sourcecode.swift; path = GalleryPhotosCell.swift; sourceTree = "<group>"; };
/* End PBXFileReference section */

/* Begin PBXFrameworksBuildPhase section */
		847A7045257A5C5000DAA8FC /* Frameworks */ = {
			isa = PBXFrameworksBuildPhase;
			buildActionMask = 2147483647;
			files = (
			);
			runOnlyForDeploymentPostprocessing = 0;
		};
		847A705B257A5C5D00DAA8FC /* Frameworks */ = {
			isa = PBXFrameworksBuildPhase;
			buildActionMask = 2147483647;
			files = (
			);
			runOnlyForDeploymentPostprocessing = 0;
		};
		847A7066257A5C5D00DAA8FC /* Frameworks */ = {
			isa = PBXFrameworksBuildPhase;
			buildActionMask = 2147483647;
			files = (
			);
			runOnlyForDeploymentPostprocessing = 0;
		};
/* End PBXFrameworksBuildPhase section */

/* Begin PBXGroup section */
		846A08C425A3961D00C2741D /* GroupFolder */ = {
			isa = PBXGroup;
			children = (
				84DE65A42583FCCE00079525 /* GroupsTableViewController.swift */,
				84DE65A92583FCE700079525 /* GroupsViewCell.swift */,
				8498CCDB25A3A3B600DD2F9C /* ShadowView.swift */,
				8498CCE525A3B81500DD2F9C /* GroupProfile.swift */,
				84E61C4325A76BB80088D32C /* PostGroupViewCell.swift */,
			);
			path = GroupFolder;
			sourceTree = "<group>";
		};
		847A703F257A5C5000DAA8FC = {
			isa = PBXGroup;
			children = (
				847A704A257A5C5000DAA8FC /* UIDesignApp */,
				847A7061257A5C5D00DAA8FC /* UIDesignAppTests */,
				847A706C257A5C5D00DAA8FC /* UIDesignAppUITests */,
				847A7049257A5C5000DAA8FC /* Products */,
			);
			sourceTree = "<group>";
		};
		847A7049257A5C5000DAA8FC /* Products */ = {
			isa = PBXGroup;
			children = (
				847A7048257A5C5000DAA8FC /* UIDesignApp.app */,
				847A705E257A5C5D00DAA8FC /* UIDesignAppTests.xctest */,
				847A7069257A5C5D00DAA8FC /* UIDesignAppUITests.xctest */,
			);
			name = Products;
			sourceTree = "<group>";
		};
		847A704A257A5C5000DAA8FC /* UIDesignApp */ = {
			isa = PBXGroup;
			children = (
				8483AADA25A8F27C008F14DB /* NewsFolder */,
				846A08C425A3961D00C2741D /* GroupFolder */,
				84A90ACD258A95AE00D12591 /* Friend */,
				84DE65892583B1DB00079525 /* FriendsFolder */,
				847A704B257A5C5000DAA8FC /* AppDelegate.swift */,
				847A704D257A5C5000DAA8FC /* SceneDelegate.swift */,
				847A704F257A5C5000DAA8FC /* ViewController.swift */,
				847A7051257A5C5000DAA8FC /* Main.storyboard */,
				847A7054257A5C5D00DAA8FC /* Assets.xcassets */,
				847A7056257A5C5D00DAA8FC /* LaunchScreen.storyboard */,
				847A7059257A5C5D00DAA8FC /* Info.plist */,
				8487E1B3258EA66500E0791F /* RegistrationViewController.swift */,
				8487E1BB258EA74700E0791F /* LoginViewController.swift */,
				84E6A55E25A7AE8900D19EB6 /* GalerryPhotosCollection.swift */,
				84E6A56325A7B04000D19EB6 /* GalleryPhotosCell.swift */,
				84384A64259A243700A12264 /* TabBar.swift */,
				84A0087625A34DAE004284AF /* MyContact.swift */,
				8498CCE025A3A4CB00DD2F9C /* GroupsData.swift */,
				84495B6725C457060030B85B /* Session.swift */,
				844A930625A4CE2B0071E1E4 /* PostData.swift */,
				84E6A55925A7AA6C00D19EB6 /* AllPhotos.swift */,
				84546E3725A8BB5300D4F031 /* ContactsData.swift */,
				8483AAE525A8FC46008F14DB /* NewsData.swift */,
				848DF94E25B0D83E0028C78B /* CustomSegue.swift */,
				8405DB8325B1BCA8008E50AA /* AnimatedButton.swift */,
			);
			path = UIDesignApp;
			sourceTree = "<group>";
		};
		847A7061257A5C5D00DAA8FC /* UIDesignAppTests */ = {
			isa = PBXGroup;
			children = (
				847A7062257A5C5D00DAA8FC /* UIDesignAppTests.swift */,
				847A7064257A5C5D00DAA8FC /* Info.plist */,
			);
			path = UIDesignAppTests;
			sourceTree = "<group>";
		};
		847A706C257A5C5D00DAA8FC /* UIDesignAppUITests */ = {
			isa = PBXGroup;
			children = (
				847A706D257A5C5D00DAA8FC /* UIDesignAppUITests.swift */,
				847A706F257A5C5D00DAA8FC /* Info.plist */,
			);
			path = UIDesignAppUITests;
			sourceTree = "<group>";
		};
		8483AADA25A8F27C008F14DB /* NewsFolder */ = {
			isa = PBXGroup;
			children = (
				8483AADB25A8F2B7008F14DB /* NewsTableViewController.swift */,
				8483AAE025A8F2C9008F14DB /* NewsTableViewCell.swift */,
			);
			path = NewsFolder;
			sourceTree = "<group>";
		};
		84A90ACD258A95AE00D12591 /* Friend */ = {
			isa = PBXGroup;
			children = (
				84A90ADE258AA68000D12591 /* friendProfile.swift */,
				845C3277258B863F00029B4D /* ShadowAvatarView.swift */,
				844A930E25A4D71A0071E1E4 /* PostViewCell.swift */,
				84A0087125A34D50004284AF /* MyProfile.swift */,
			);
			path = Friend;
			sourceTree = "<group>";
		};
		84DE65892583B1DB00079525 /* FriendsFolder */ = {
			isa = PBXGroup;
			children = (
				84DE658A2583B29600079525 /* FriendsViewController.swift */,
				84736EE0258F619E0052EA01 /* ImageListView.swift */,
				84DE65922583B31100079525 /* FriendCellTableViewCell.swift */,
			);
			path = FriendsFolder;
			sourceTree = "<group>";
		};
/* End PBXGroup section */

/* Begin PBXNativeTarget section */
		847A7047257A5C5000DAA8FC /* UIDesignApp */ = {
			isa = PBXNativeTarget;
			buildConfigurationList = 847A7072257A5C5D00DAA8FC /* Build configuration list for PBXNativeTarget "UIDesignApp" */;
			buildPhases = (
				847A7044257A5C5000DAA8FC /* Sources */,
				847A7045257A5C5000DAA8FC /* Frameworks */,
				847A7046257A5C5000DAA8FC /* Resources */,
			);
			buildRules = (
			);
			dependencies = (
			);
			name = UIDesignApp;
			productName = UIDesignApp;
			productReference = 847A7048257A5C5000DAA8FC /* UIDesignApp.app */;
			productType = "com.apple.product-type.application";
		};
		847A705D257A5C5D00DAA8FC /* UIDesignAppTests */ = {
			isa = PBXNativeTarget;
			buildConfigurationList = 847A7075257A5C5D00DAA8FC /* Build configuration list for PBXNativeTarget "UIDesignAppTests" */;
			buildPhases = (
				847A705A257A5C5D00DAA8FC /* Sources */,
				847A705B257A5C5D00DAA8FC /* Frameworks */,
				847A705C257A5C5D00DAA8FC /* Resources */,
			);
			buildRules = (
			);
			dependencies = (
				847A7060257A5C5D00DAA8FC /* PBXTargetDependency */,
			);
			name = UIDesignAppTests;
			productName = UIDesignAppTests;
			productReference = 847A705E257A5C5D00DAA8FC /* UIDesignAppTests.xctest */;
			productType = "com.apple.product-type.bundle.unit-test";
		};
		847A7068257A5C5D00DAA8FC /* UIDesignAppUITests */ = {
			isa = PBXNativeTarget;
			buildConfigurationList = 847A7078257A5C5D00DAA8FC /* Build configuration list for PBXNativeTarget "UIDesignAppUITests" */;
			buildPhases = (
				847A7065257A5C5D00DAA8FC /* Sources */,
				847A7066257A5C5D00DAA8FC /* Frameworks */,
				847A7067257A5C5D00DAA8FC /* Resources */,
			);
			buildRules = (
			);
			dependencies = (
				847A706B257A5C5D00DAA8FC /* PBXTargetDependency */,
			);
			name = UIDesignAppUITests;
			productName = UIDesignAppUITests;
			productReference = 847A7069257A5C5D00DAA8FC /* UIDesignAppUITests.xctest */;
			productType = "com.apple.product-type.bundle.ui-testing";
		};
/* End PBXNativeTarget section */

/* Begin PBXProject section */
		847A7040257A5C5000DAA8FC /* Project object */ = {
			isa = PBXProject;
			attributes = {
				LastSwiftUpdateCheck = 1220;
				LastUpgradeCheck = 1220;
				TargetAttributes = {
					847A7047257A5C5000DAA8FC = {
						CreatedOnToolsVersion = 12.2;
					};
					847A705D257A5C5D00DAA8FC = {
						CreatedOnToolsVersion = 12.2;
						TestTargetID = 847A7047257A5C5000DAA8FC;
					};
					847A7068257A5C5D00DAA8FC = {
						CreatedOnToolsVersion = 12.2;
						TestTargetID = 847A7047257A5C5000DAA8FC;
					};
				};
			};
			buildConfigurationList = 847A7043257A5C5000DAA8FC /* Build configuration list for PBXProject "UIDesignApp" */;
			compatibilityVersion = "Xcode 9.3";
			developmentRegion = en;
			hasScannedForEncodings = 0;
			knownRegions = (
				en,
				Base,
			);
			mainGroup = 847A703F257A5C5000DAA8FC;
			productRefGroup = 847A7049257A5C5000DAA8FC /* Products */;
			projectDirPath = "";
			projectRoot = "";
			targets = (
				847A7047257A5C5000DAA8FC /* UIDesignApp */,
				847A705D257A5C5D00DAA8FC /* UIDesignAppTests */,
				847A7068257A5C5D00DAA8FC /* UIDesignAppUITests */,
			);
		};
/* End PBXProject section */

/* Begin PBXResourcesBuildPhase section */
		847A7046257A5C5000DAA8FC /* Resources */ = {
			isa = PBXResourcesBuildPhase;
			buildActionMask = 2147483647;
			files = (
				847A7058257A5C5D00DAA8FC /* LaunchScreen.storyboard in Resources */,
				847A7055257A5C5D00DAA8FC /* Assets.xcassets in Resources */,
				847A7053257A5C5000DAA8FC /* Main.storyboard in Resources */,
			);
			runOnlyForDeploymentPostprocessing = 0;
		};
		847A705C257A5C5D00DAA8FC /* Resources */ = {
			isa = PBXResourcesBuildPhase;
			buildActionMask = 2147483647;
			files = (
			);
			runOnlyForDeploymentPostprocessing = 0;
		};
		847A7067257A5C5D00DAA8FC /* Resources */ = {
			isa = PBXResourcesBuildPhase;
			buildActionMask = 2147483647;
			files = (
			);
			runOnlyForDeploymentPostprocessing = 0;
		};
/* End PBXResourcesBuildPhase section */

/* Begin PBXSourcesBuildPhase section */
		847A7044257A5C5000DAA8FC /* Sources */ = {
			isa = PBXSourcesBuildPhase;
			buildActionMask = 2147483647;
			files = (
				8498CCDC25A3A3B600DD2F9C /* ShadowView.swift in Sources */,
				84DE658B2583B29600079525 /* FriendsViewController.swift in Sources */,
				847A7050257A5C5000DAA8FC /* ViewController.swift in Sources */,
				8487E1BC258EA74700E0791F /* LoginViewController.swift in Sources */,
				84DE65932583B31100079525 /* FriendCellTableViewCell.swift in Sources */,
				8487E1B4258EA66500E0791F /* RegistrationViewController.swift in Sources */,
				84E6A55F25A7AE8900D19EB6 /* GalerryPhotosCollection.swift in Sources */,
				8483AADC25A8F2B7008F14DB /* NewsTableViewController.swift in Sources */,
				847A704C257A5C5000DAA8FC /* AppDelegate.swift in Sources */,
				8483AAE625A8FC46008F14DB /* NewsData.swift in Sources */,
				84E6A56425A7B04000D19EB6 /* GalleryPhotosCell.swift in Sources */,
				848DF94F25B0D83E0028C78B /* CustomSegue.swift in Sources */,
				84A0087725A34DAE004284AF /* MyContact.swift in Sources */,
				844A930725A4CE2B0071E1E4 /* PostData.swift in Sources */,
				845C3278258B863F00029B4D /* ShadowAvatarView.swift in Sources */,
				84736EE1258F619E0052EA01 /* ImageListView.swift in Sources */,
				84384A65259A243700A12264 /* TabBar.swift in Sources */,
				84A0087225A34D50004284AF /* MyProfile.swift in Sources */,
				844A930F25A4D71A0071E1E4 /* PostViewCell.swift in Sources */,
				84495B6825C457060030B85B /* Session.swift in Sources */,
				84546E3825A8BB5300D4F031 /* ContactsData.swift in Sources */,
				847A704E257A5C5000DAA8FC /* SceneDelegate.swift in Sources */,
				84E6A55A25A7AA6C00D19EB6 /* AllPhotos.swift in Sources */,
				8498CCE625A3B81500DD2F9C /* GroupProfile.swift in Sources */,
				8483AAE125A8F2C9008F14DB /* NewsTableViewCell.swift in Sources */,
				84DE65AA2583FCE700079525 /* GroupsViewCell.swift in Sources */,
				84E61C4425A76BB80088D32C /* PostGroupViewCell.swift in Sources */,
				84DE65A52583FCCE00079525 /* GroupsTableViewController.swift in Sources */,
				8498CCE125A3A4CB00DD2F9C /* GroupsData.swift in Sources */,
				8405DB8425B1BCA8008E50AA /* AnimatedButton.swift in Sources */,
				84A90ADF258AA68000D12591 /* friendProfile.swift in Sources */,
			);
			runOnlyForDeploymentPostprocessing = 0;
		};
		847A705A257A5C5D00DAA8FC /* Sources */ = {
			isa = PBXSourcesBuildPhase;
			buildActionMask = 2147483647;
			files = (
				847A7063257A5C5D00DAA8FC /* UIDesignAppTests.swift in Sources */,
			);
			runOnlyForDeploymentPostprocessing = 0;
		};
		847A7065257A5C5D00DAA8FC /* Sources */ = {
			isa = PBXSourcesBuildPhase;
			buildActionMask = 2147483647;
			files = (
				847A706E257A5C5D00DAA8FC /* UIDesignAppUITests.swift in Sources */,
			);
			runOnlyForDeploymentPostprocessing = 0;
		};
/* End PBXSourcesBuildPhase section */

/* Begin PBXTargetDependency section */
		847A7060257A5C5D00DAA8FC /* PBXTargetDependency */ = {
			isa = PBXTargetDependency;
			target = 847A7047257A5C5000DAA8FC /* UIDesignApp */;
			targetProxy = 847A705F257A5C5D00DAA8FC /* PBXContainerItemProxy */;
		};
		847A706B257A5C5D00DAA8FC /* PBXTargetDependency */ = {
			isa = PBXTargetDependency;
			target = 847A7047257A5C5000DAA8FC /* UIDesignApp */;
			targetProxy = 847A706A257A5C5D00DAA8FC /* PBXContainerItemProxy */;
		};
/* End PBXTargetDependency section */

/* Begin PBXVariantGroup section */
		847A7051257A5C5000DAA8FC /* Main.storyboard */ = {
			isa = PBXVariantGroup;
			children = (
				847A7052257A5C5000DAA8FC /* Base */,
			);
			name = Main.storyboard;
			sourceTree = "<group>";
		};
		847A7056257A5C5D00DAA8FC /* LaunchScreen.storyboard */ = {
			isa = PBXVariantGroup;
			children = (
				847A7057257A5C5D00DAA8FC /* Base */,
			);
			name = LaunchScreen.storyboard;
			sourceTree = "<group>";
		};
/* End PBXVariantGroup section */

/* Begin XCBuildConfiguration section */
		847A7070257A5C5D00DAA8FC /* Debug */ = {
			isa = XCBuildConfiguration;
			buildSettings = {
				ALWAYS_SEARCH_USER_PATHS = NO;
				CLANG_ANALYZER_NONNULL = YES;
				CLANG_ANALYZER_NUMBER_OBJECT_CONVERSION = YES_AGGRESSIVE;
				CLANG_CXX_LANGUAGE_STANDARD = "gnu++14";
				CLANG_CXX_LIBRARY = "libc++";
				CLANG_ENABLE_MODULES = YES;
				CLANG_ENABLE_OBJC_ARC = YES;
				CLANG_ENABLE_OBJC_WEAK = YES;
				CLANG_WARN_BLOCK_CAPTURE_AUTORELEASING = YES;
				CLANG_WARN_BOOL_CONVERSION = YES;
				CLANG_WARN_COMMA = YES;
				CLANG_WARN_CONSTANT_CONVERSION = YES;
				CLANG_WARN_DEPRECATED_OBJC_IMPLEMENTATIONS = YES;
				CLANG_WARN_DIRECT_OBJC_ISA_USAGE = YES_ERROR;
				CLANG_WARN_DOCUMENTATION_COMMENTS = YES;
				CLANG_WARN_EMPTY_BODY = YES;
				CLANG_WARN_ENUM_CONVERSION = YES;
				CLANG_WARN_INFINITE_RECURSION = YES;
				CLANG_WARN_INT_CONVERSION = YES;
				CLANG_WARN_NON_LITERAL_NULL_CONVERSION = YES;
				CLANG_WARN_OBJC_IMPLICIT_RETAIN_SELF = YES;
				CLANG_WARN_OBJC_LITERAL_CONVERSION = YES;
				CLANG_WARN_OBJC_ROOT_CLASS = YES_ERROR;
				CLANG_WARN_QUOTED_INCLUDE_IN_FRAMEWORK_HEADER = YES;
				CLANG_WARN_RANGE_LOOP_ANALYSIS = YES;
				CLANG_WARN_STRICT_PROTOTYPES = YES;
				CLANG_WARN_SUSPICIOUS_MOVE = YES;
				CLANG_WARN_UNGUARDED_AVAILABILITY = YES_AGGRESSIVE;
				CLANG_WARN_UNREACHABLE_CODE = YES;
				CLANG_WARN__DUPLICATE_METHOD_MATCH = YES;
				COPY_PHASE_STRIP = NO;
				DEBUG_INFORMATION_FORMAT = dwarf;
				ENABLE_STRICT_OBJC_MSGSEND = YES;
				ENABLE_TESTABILITY = YES;
				GCC_C_LANGUAGE_STANDARD = gnu11;
				GCC_DYNAMIC_NO_PIC = NO;
				GCC_NO_COMMON_BLOCKS = YES;
				GCC_OPTIMIZATION_LEVEL = 0;
				GCC_PREPROCESSOR_DEFINITIONS = (
					"DEBUG=1",
					"$(inherited)",
				);
				GCC_WARN_64_TO_32_BIT_CONVERSION = YES;
				GCC_WARN_ABOUT_RETURN_TYPE = YES_ERROR;
				GCC_WARN_UNDECLARED_SELECTOR = YES;
				GCC_WARN_UNINITIALIZED_AUTOS = YES_AGGRESSIVE;
				GCC_WARN_UNUSED_FUNCTION = YES;
				GCC_WARN_UNUSED_VARIABLE = YES;
				IPHONEOS_DEPLOYMENT_TARGET = 14.2;
				MTL_ENABLE_DEBUG_INFO = INCLUDE_SOURCE;
				MTL_FAST_MATH = YES;
				ONLY_ACTIVE_ARCH = YES;
				SDKROOT = iphoneos;
				SWIFT_ACTIVE_COMPILATION_CONDITIONS = DEBUG;
				SWIFT_OPTIMIZATION_LEVEL = "-Onone";
			};
			name = Debug;
		};
		847A7071257A5C5D00DAA8FC /* Release */ = {
			isa = XCBuildConfiguration;
			buildSettings = {
				ALWAYS_SEARCH_USER_PATHS = NO;
				CLANG_ANALYZER_NONNULL = YES;
				CLANG_ANALYZER_NUMBER_OBJECT_CONVERSION = YES_AGGRESSIVE;
				CLANG_CXX_LANGUAGE_STANDARD = "gnu++14";
				CLANG_CXX_LIBRARY = "libc++";
				CLANG_ENABLE_MODULES = YES;
				CLANG_ENABLE_OBJC_ARC = YES;
				CLANG_ENABLE_OBJC_WEAK = YES;
				CLANG_WARN_BLOCK_CAPTURE_AUTORELEASING = YES;
				CLANG_WARN_BOOL_CONVERSION = YES;
				CLANG_WARN_COMMA = YES;
				CLANG_WARN_CONSTANT_CONVERSION = YES;
				CLANG_WARN_DEPRECATED_OBJC_IMPLEMENTATIONS = YES;
				CLANG_WARN_DIRECT_OBJC_ISA_USAGE = YES_ERROR;
				CLANG_WARN_DOCUMENTATION_COMMENTS = YES;
				CLANG_WARN_EMPTY_BODY = YES;
				CLANG_WARN_ENUM_CONVERSION = YES;
				CLANG_WARN_INFINITE_RECURSION = YES;
				CLANG_WARN_INT_CONVERSION = YES;
				CLANG_WARN_NON_LITERAL_NULL_CONVERSION = YES;
				CLANG_WARN_OBJC_IMPLICIT_RETAIN_SELF = YES;
				CLANG_WARN_OBJC_LITERAL_CONVERSION = YES;
				CLANG_WARN_OBJC_ROOT_CLASS = YES_ERROR;
				CLANG_WARN_QUOTED_INCLUDE_IN_FRAMEWORK_HEADER = YES;
				CLANG_WARN_RANGE_LOOP_ANALYSIS = YES;
				CLANG_WARN_STRICT_PROTOTYPES = YES;
				CLANG_WARN_SUSPICIOUS_MOVE = YES;
				CLANG_WARN_UNGUARDED_AVAILABILITY = YES_AGGRESSIVE;
				CLANG_WARN_UNREACHABLE_CODE = YES;
				CLANG_WARN__DUPLICATE_METHOD_MATCH = YES;
				COPY_PHASE_STRIP = NO;
				DEBUG_INFORMATION_FORMAT = "dwarf-with-dsym";
				ENABLE_NS_ASSERTIONS = NO;
				ENABLE_STRICT_OBJC_MSGSEND = YES;
				GCC_C_LANGUAGE_STANDARD = gnu11;
				GCC_NO_COMMON_BLOCKS = YES;
				GCC_WARN_64_TO_32_BIT_CONVERSION = YES;
				GCC_WARN_ABOUT_RETURN_TYPE = YES_ERROR;
				GCC_WARN_UNDECLARED_SELECTOR = YES;
				GCC_WARN_UNINITIALIZED_AUTOS = YES_AGGRESSIVE;
				GCC_WARN_UNUSED_FUNCTION = YES;
				GCC_WARN_UNUSED_VARIABLE = YES;
				IPHONEOS_DEPLOYMENT_TARGET = 14.2;
				MTL_ENABLE_DEBUG_INFO = NO;
				MTL_FAST_MATH = YES;
				SDKROOT = iphoneos;
				SWIFT_COMPILATION_MODE = wholemodule;
				SWIFT_OPTIMIZATION_LEVEL = "-O";
				VALIDATE_PRODUCT = YES;
			};
			name = Release;
		};
		847A7073257A5C5D00DAA8FC /* Debug */ = {
			isa = XCBuildConfiguration;
			buildSettings = {
				ASSETCATALOG_COMPILER_APPICON_NAME = AppIcon;
				ASSETCATALOG_COMPILER_GLOBAL_ACCENT_COLOR_NAME = AccentColor;
				CODE_SIGN_STYLE = Automatic;
				DEVELOPMENT_TEAM = 9U72435GM5;
				INFOPLIST_FILE = UIDesignApp/Info.plist;
				LD_RUNPATH_SEARCH_PATHS = (
					"$(inherited)",
					"@executable_path/Frameworks",
				);
				PRODUCT_BUNDLE_IDENTIFIER = "lesson-1.UIDesignApp";
				PRODUCT_NAME = "$(TARGET_NAME)";
				SWIFT_VERSION = 5.0;
				TARGETED_DEVICE_FAMILY = "1,2";
			};
			name = Debug;
		};
		847A7074257A5C5D00DAA8FC /* Release */ = {
			isa = XCBuildConfiguration;
			buildSettings = {
				ASSETCATALOG_COMPILER_APPICON_NAME = AppIcon;
				ASSETCATALOG_COMPILER_GLOBAL_ACCENT_COLOR_NAME = AccentColor;
				CODE_SIGN_STYLE = Automatic;
				DEVELOPMENT_TEAM = 9U72435GM5;
				INFOPLIST_FILE = UIDesignApp/Info.plist;
				LD_RUNPATH_SEARCH_PATHS = (
					"$(inherited)",
					"@executable_path/Frameworks",
				);
				PRODUCT_BUNDLE_IDENTIFIER = "lesson-1.UIDesignApp";
				PRODUCT_NAME = "$(TARGET_NAME)";
				SWIFT_VERSION = 5.0;
				TARGETED_DEVICE_FAMILY = "1,2";
			};
			name = Release;
		};
		847A7076257A5C5D00DAA8FC /* Debug */ = {
			isa = XCBuildConfiguration;
			buildSettings = {
				ALWAYS_EMBED_SWIFT_STANDARD_LIBRARIES = YES;
				BUNDLE_LOADER = "$(TEST_HOST)";
				CODE_SIGN_STYLE = Automatic;
				DEVELOPMENT_TEAM = 9U72435GM5;
				INFOPLIST_FILE = UIDesignAppTests/Info.plist;
				IPHONEOS_DEPLOYMENT_TARGET = 14.2;
				LD_RUNPATH_SEARCH_PATHS = (
					"$(inherited)",
					"@executable_path/Frameworks",
					"@loader_path/Frameworks",
				);
				PRODUCT_BUNDLE_IDENTIFIER = "lesson-1.UIDesignAppTests";
				PRODUCT_NAME = "$(TARGET_NAME)";
				SWIFT_VERSION = 5.0;
				TARGETED_DEVICE_FAMILY = "1,2";
				TEST_HOST = "$(BUILT_PRODUCTS_DIR)/UIDesignApp.app/UIDesignApp";
			};
			name = Debug;
		};
		847A7077257A5C5D00DAA8FC /* Release */ = {
			isa = XCBuildConfiguration;
			buildSettings = {
				ALWAYS_EMBED_SWIFT_STANDARD_LIBRARIES = YES;
				BUNDLE_LOADER = "$(TEST_HOST)";
				CODE_SIGN_STYLE = Automatic;
				DEVELOPMENT_TEAM = 9U72435GM5;
				INFOPLIST_FILE = UIDesignAppTests/Info.plist;
				IPHONEOS_DEPLOYMENT_TARGET = 14.2;
				LD_RUNPATH_SEARCH_PATHS = (
					"$(inherited)",
					"@executable_path/Frameworks",
					"@loader_path/Frameworks",
				);
				PRODUCT_BUNDLE_IDENTIFIER = "lesson-1.UIDesignAppTests";
				PRODUCT_NAME = "$(TARGET_NAME)";
				SWIFT_VERSION = 5.0;
				TARGETED_DEVICE_FAMILY = "1,2";
				TEST_HOST = "$(BUILT_PRODUCTS_DIR)/UIDesignApp.app/UIDesignApp";
			};
			name = Release;
		};
		847A7079257A5C5D00DAA8FC /* Debug */ = {
			isa = XCBuildConfiguration;
			buildSettings = {
				ALWAYS_EMBED_SWIFT_STANDARD_LIBRARIES = YES;
				CODE_SIGN_STYLE = Automatic;
				DEVELOPMENT_TEAM = 9U72435GM5;
				INFOPLIST_FILE = UIDesignAppUITests/Info.plist;
				LD_RUNPATH_SEARCH_PATHS = (
					"$(inherited)",
					"@executable_path/Frameworks",
					"@loader_path/Frameworks",
				);
				PRODUCT_BUNDLE_IDENTIFIER = "lesson-1.UIDesignAppUITests";
				PRODUCT_NAME = "$(TARGET_NAME)";
				SWIFT_VERSION = 5.0;
				TARGETED_DEVICE_FAMILY = "1,2";
				TEST_TARGET_NAME = UIDesignApp;
			};
			name = Debug;
		};
		847A707A257A5C5D00DAA8FC /* Release */ = {
			isa = XCBuildConfiguration;
			buildSettings = {
				ALWAYS_EMBED_SWIFT_STANDARD_LIBRARIES = YES;
				CODE_SIGN_STYLE = Automatic;
				DEVELOPMENT_TEAM = 9U72435GM5;
				INFOPLIST_FILE = UIDesignAppUITests/Info.plist;
				LD_RUNPATH_SEARCH_PATHS = (
					"$(inherited)",
					"@executable_path/Frameworks",
					"@loader_path/Frameworks",
				);
				PRODUCT_BUNDLE_IDENTIFIER = "lesson-1.UIDesignAppUITests";
				PRODUCT_NAME = "$(TARGET_NAME)";
				SWIFT_VERSION = 5.0;
				TARGETED_DEVICE_FAMILY = "1,2";
				TEST_TARGET_NAME = UIDesignApp;
			};
			name = Release;
		};
/* End XCBuildConfiguration section */

/* Begin XCConfigurationList section */
		847A7043257A5C5000DAA8FC /* Build configuration list for PBXProject "UIDesignApp" */ = {
			isa = XCConfigurationList;
			buildConfigurations = (
				847A7070257A5C5D00DAA8FC /* Debug */,
				847A7071257A5C5D00DAA8FC /* Release */,
			);
			defaultConfigurationIsVisible = 0;
			defaultConfigurationName = Release;
		};
		847A7072257A5C5D00DAA8FC /* Build configuration list for PBXNativeTarget "UIDesignApp" */ = {
			isa = XCConfigurationList;
			buildConfigurations = (
				847A7073257A5C5D00DAA8FC /* Debug */,
				847A7074257A5C5D00DAA8FC /* Release */,
			);
			defaultConfigurationIsVisible = 0;
			defaultConfigurationName = Release;
		};
		847A7075257A5C5D00DAA8FC /* Build configuration list for PBXNativeTarget "UIDesignAppTests" */ = {
			isa = XCConfigurationList;
			buildConfigurations = (
				847A7076257A5C5D00DAA8FC /* Debug */,
				847A7077257A5C5D00DAA8FC /* Release */,
			);
			defaultConfigurationIsVisible = 0;
			defaultConfigurationName = Release;
		};
		847A7078257A5C5D00DAA8FC /* Build configuration list for PBXNativeTarget "UIDesignAppUITests" */ = {
			isa = XCConfigurationList;
			buildConfigurations = (
				847A7079257A5C5D00DAA8FC /* Debug */,
				847A707A257A5C5D00DAA8FC /* Release */,
			);
			defaultConfigurationIsVisible = 0;
			defaultConfigurationName = Release;
		};
/* End XCConfigurationList section */
	};
	rootObject = 847A7040257A5C5000DAA8FC /* Project object */;
}
